// !$*UTF8*$!
{
	archiveVersion = 1;
	classes = {
	};
	objectVersion = 77;
	objects = {

/* Begin PBXBuildFile section */
		C93DBE2C2DA6BC3B00365931 /* CustomButtonView.swift in Sources */ = {isa = PBXBuildFile; fileRef = C93DBE2B2DA6BC3B00365931 /* CustomButtonView.swift */; };
		C93DBE2E2DA6BDF000365931 /* IconSecureFieldView.swift in Sources */ = {isa = PBXBuildFile; fileRef = C93DBE2D2DA6BDF000365931 /* IconSecureFieldView.swift */; };
		C995D1282DA5655700E72B7A /* PickedAppApp.swift in Sources */ = {isa = PBXBuildFile; fileRef = C995D1252DA5655700E72B7A /* PickedAppApp.swift */; };
		C995D1292DA5655700E72B7A /* Assets.xcassets in Resources */ = {isa = PBXBuildFile; fileRef = C995D1232DA5655700E72B7A /* Assets.xcassets */; };
		C995D1432DA56A3700E72B7A /* LoginView.swift in Sources */ = {isa = PBXBuildFile; fileRef = C995D1422DA56A3700E72B7A /* LoginView.swift */; };
		C995D1462DA56A4C00E72B7A /* SplashView.swift in Sources */ = {isa = PBXBuildFile; fileRef = C995D1452DA56A4C00E72B7A /* SplashView.swift */; };
		C9AB415D2DA57E7800752614 /* Color-Theme.swift in Sources */ = {isa = PBXBuildFile; fileRef = C9AB415C2DA57E7800752614 /* Color-Theme.swift */; };
		C9AB41852DA5904600752614 /* RegisterView.swift in Sources */ = {isa = PBXBuildFile; fileRef = C9AB41842DA5904600752614 /* RegisterView.swift */; };
		C9AB41892DA5957200752614 /* ConsumerRegisterView.swift in Sources */ = {isa = PBXBuildFile; fileRef = C9AB41882DA5957200752614 /* ConsumerRegisterView.swift */; };
		C9AB418B2DA5957D00752614 /* RestaurantRegisterView.swift in Sources */ = {isa = PBXBuildFile; fileRef = C9AB418A2DA5957D00752614 /* RestaurantRegisterView.swift */; };
		C9B777792DA5F78B00E7CA95 /* IconTextFieldView.swift in Sources */ = {isa = PBXBuildFile; fileRef = C9B777782DA5F78B00E7CA95 /* IconTextFieldView.swift */; };
/* End PBXBuildFile section */

/* Begin PBXContainerItemProxy section */
		C995D1072DA5653700E72B7A /* PBXContainerItemProxy */ = {
			isa = PBXContainerItemProxy;
			containerPortal = C995D0F12DA5653600E72B7A /* Project object */;
			proxyType = 1;
			remoteGlobalIDString = C995D0F82DA5653600E72B7A;
			remoteInfo = PickedApp;
		};
		C995D1112DA5653700E72B7A /* PBXContainerItemProxy */ = {
			isa = PBXContainerItemProxy;
			containerPortal = C995D0F12DA5653600E72B7A /* Project object */;
			proxyType = 1;
			remoteGlobalIDString = C995D0F82DA5653600E72B7A;
			remoteInfo = PickedApp;
		};
/* End PBXContainerItemProxy section */

/* Begin PBXFileReference section */
		C93DBE2B2DA6BC3B00365931 /* CustomButtonView.swift */ = {isa = PBXFileReference; lastKnownFileType = sourcecode.swift; path = CustomButtonView.swift; sourceTree = "<group>"; };
		C93DBE2D2DA6BDF000365931 /* IconSecureFieldView.swift */ = {isa = PBXFileReference; lastKnownFileType = sourcecode.swift; path = IconSecureFieldView.swift; sourceTree = "<group>"; };
		C995D0F92DA5653600E72B7A /* PickedApp.app */ = {isa = PBXFileReference; explicitFileType = wrapper.application; includeInIndex = 0; path = PickedApp.app; sourceTree = BUILT_PRODUCTS_DIR; };
		C995D1062DA5653700E72B7A /* PickedAppTests.xctest */ = {isa = PBXFileReference; explicitFileType = wrapper.cfbundle; includeInIndex = 0; path = PickedAppTests.xctest; sourceTree = BUILT_PRODUCTS_DIR; };
		C995D1102DA5653700E72B7A /* PickedAppUITests.xctest */ = {isa = PBXFileReference; explicitFileType = wrapper.cfbundle; includeInIndex = 0; path = PickedAppUITests.xctest; sourceTree = BUILT_PRODUCTS_DIR; };
		C995D1232DA5655700E72B7A /* Assets.xcassets */ = {isa = PBXFileReference; lastKnownFileType = folder.assetcatalog; path = Assets.xcassets; sourceTree = "<group>"; };
		C995D1252DA5655700E72B7A /* PickedAppApp.swift */ = {isa = PBXFileReference; lastKnownFileType = sourcecode.swift; path = PickedAppApp.swift; sourceTree = "<group>"; };
		C995D1422DA56A3700E72B7A /* LoginView.swift */ = {isa = PBXFileReference; lastKnownFileType = sourcecode.swift; path = LoginView.swift; sourceTree = "<group>"; };
		C995D1452DA56A4C00E72B7A /* SplashView.swift */ = {isa = PBXFileReference; lastKnownFileType = sourcecode.swift; path = SplashView.swift; sourceTree = "<group>"; };
		C9AB415C2DA57E7800752614 /* Color-Theme.swift */ = {isa = PBXFileReference; lastKnownFileType = sourcecode.swift; path = "Color-Theme.swift"; sourceTree = "<group>"; };
		C9AB41842DA5904600752614 /* RegisterView.swift */ = {isa = PBXFileReference; lastKnownFileType = sourcecode.swift; path = RegisterView.swift; sourceTree = "<group>"; };
		C9AB41882DA5957200752614 /* ConsumerRegisterView.swift */ = {isa = PBXFileReference; lastKnownFileType = sourcecode.swift; path = ConsumerRegisterView.swift; sourceTree = "<group>"; };
		C9AB418A2DA5957D00752614 /* RestaurantRegisterView.swift */ = {isa = PBXFileReference; lastKnownFileType = sourcecode.swift; path = RestaurantRegisterView.swift; sourceTree = "<group>"; };
		C9B777782DA5F78B00E7CA95 /* IconTextFieldView.swift */ = {isa = PBXFileReference; lastKnownFileType = sourcecode.swift; path = IconTextFieldView.swift; sourceTree = "<group>"; };
/* End PBXFileReference section */

/* Begin PBXFileSystemSynchronizedRootGroup section */
		C995D1092DA5653700E72B7A /* PickedAppTests */ = {
			isa = PBXFileSystemSynchronizedRootGroup;
			path = PickedAppTests;
			sourceTree = "<group>";
		};
/* End PBXFileSystemSynchronizedRootGroup section */

/* Begin PBXFrameworksBuildPhase section */
		C995D0F62DA5653600E72B7A /* Frameworks */ = {
			isa = PBXFrameworksBuildPhase;
			buildActionMask = 2147483647;
			files = (
			);
			runOnlyForDeploymentPostprocessing = 0;
		};
		C995D1032DA5653700E72B7A /* Frameworks */ = {
			isa = PBXFrameworksBuildPhase;
			buildActionMask = 2147483647;
			files = (
			);
			runOnlyForDeploymentPostprocessing = 0;
		};
		C995D10D2DA5653700E72B7A /* Frameworks */ = {
			isa = PBXFrameworksBuildPhase;
			buildActionMask = 2147483647;
			files = (
			);
			runOnlyForDeploymentPostprocessing = 0;
		};
/* End PBXFrameworksBuildPhase section */

/* Begin PBXGroup section */
		C995D0F02DA5653600E72B7A = {
			isa = PBXGroup;
			children = (
				C995D1262DA5655700E72B7A /* PickedApp */,
				C995D1092DA5653700E72B7A /* PickedAppTests */,
				C995D0FA2DA5653600E72B7A /* Products */,
			);
			sourceTree = "<group>";
		};
		C995D0FA2DA5653600E72B7A /* Products */ = {
			isa = PBXGroup;
			children = (
				C995D0F92DA5653600E72B7A /* PickedApp.app */,
				C995D1062DA5653700E72B7A /* PickedAppTests.xctest */,
				C995D1102DA5653700E72B7A /* PickedAppUITests.xctest */,
			);
			name = Products;
			sourceTree = "<group>";
		};
		C995D1262DA5655700E72B7A /* PickedApp */ = {
			isa = PBXGroup;
			children = (
				C995D1302DA565ED00E72B7A /* Shared */,
				C995D1232DA5655700E72B7A /* Assets.xcassets */,
				C995D1252DA5655700E72B7A /* PickedAppApp.swift */,
			);
			path = PickedApp;
			sourceTree = "<group>";
		};
		C995D1302DA565ED00E72B7A /* Shared */ = {
			isa = PBXGroup;
			children = (
				C995D1312DA5661D00E72B7A /* Data */,
				C995D1372DA5667600E72B7A /* Domain */,
				C995D13E2DA566CC00E72B7A /* Presentation */,
			);
			path = Shared;
			sourceTree = "<group>";
		};
		C995D1312DA5661D00E72B7A /* Data */ = {
			isa = PBXGroup;
			children = (
				C995D1322DA5662400E72B7A /* Network */,
				C995D1332DA5662D00E72B7A /* Repository */,
			);
			path = Data;
			sourceTree = "<group>";
		};
		C995D1322DA5662400E72B7A /* Network */ = {
			isa = PBXGroup;
			children = (
				C995D1342DA5664700E72B7A /* Local */,
				C995D1362DA5665200E72B7A /* BaseNetwork */,
			);
			path = Network;
			sourceTree = "<group>";
		};
		C995D1332DA5662D00E72B7A /* Repository */ = {
			isa = PBXGroup;
			children = (
			);
			path = Repository;
			sourceTree = "<group>";
		};
		C995D1342DA5664700E72B7A /* Local */ = {
			isa = PBXGroup;
			children = (
				C995D1352DA5664C00E72B7A /* KeyChain */,
			);
			path = Local;
			sourceTree = "<group>";
		};
		C995D1352DA5664C00E72B7A /* KeyChain */ = {
			isa = PBXGroup;
			children = (
			);
			path = KeyChain;
			sourceTree = "<group>";
		};
		C995D1362DA5665200E72B7A /* BaseNetwork */ = {
			isa = PBXGroup;
			children = (
			);
			path = BaseNetwork;
			sourceTree = "<group>";
		};
		C995D1372DA5667600E72B7A /* Domain */ = {
			isa = PBXGroup;
			children = (
				C995D13D2DA566B900E72B7A /* Models */,
				C995D13C2DA566AE00E72B7A /* Extensions */,
				C995D13B2DA566A600E72B7A /* Entities */,
				C995D13A2DA5669E00E72B7A /* Protocols */,
				C995D1392DA5669800E72B7A /* Tools */,
				C995D1382DA5668400E72B7A /* UseCases */,
			);
			path = Domain;
			sourceTree = "<group>";
		};
		C995D1382DA5668400E72B7A /* UseCases */ = {
			isa = PBXGroup;
			children = (
			);
			path = UseCases;
			sourceTree = "<group>";
		};
		C995D1392DA5669800E72B7A /* Tools */ = {
			isa = PBXGroup;
			children = (
			);
			path = Tools;
			sourceTree = "<group>";
		};
		C995D13A2DA5669E00E72B7A /* Protocols */ = {
			isa = PBXGroup;
			children = (
			);
			path = Protocols;
			sourceTree = "<group>";
		};
		C995D13B2DA566A600E72B7A /* Entities */ = {
			isa = PBXGroup;
			children = (
			);
			path = Entities;
			sourceTree = "<group>";
		};
		C995D13C2DA566AE00E72B7A /* Extensions */ = {
			isa = PBXGroup;
			children = (
				C9AB415C2DA57E7800752614 /* Color-Theme.swift */,
			);
			path = Extensions;
			sourceTree = "<group>";
		};
		C995D13D2DA566B900E72B7A /* Models */ = {
			isa = PBXGroup;
			children = (
			);
			path = Models;
			sourceTree = "<group>";
		};
		C995D13E2DA566CC00E72B7A /* Presentation */ = {
			isa = PBXGroup;
			children = (
				C995D1402DA568B600E72B7A /* ViewModels */,
				C995D13F2DA566E800E72B7A /* Views */,
			);
			path = Presentation;
			sourceTree = "<group>";
		};
		C995D13F2DA566E800E72B7A /* Views */ = {
			isa = PBXGroup;
			children = (
				C9B777772DA5F73E00E7CA95 /* Tools */,
				C9AB41872DA5956300752614 /* Restaurant */,
				C9AB41862DA5955C00752614 /* Consumer */,
				C9AB41832DA5901A00752614 /* Register */,
				C995D1412DA56A2800E72B7A /* Login */,
				C995D1442DA56A3E00E72B7A /* Splash */,
			);
			path = Views;
			sourceTree = "<group>";
		};
		C995D1402DA568B600E72B7A /* ViewModels */ = {
			isa = PBXGroup;
			children = (
			);
			path = ViewModels;
			sourceTree = "<group>";
		};
		C995D1412DA56A2800E72B7A /* Login */ = {
			isa = PBXGroup;
			children = (
				C995D1422DA56A3700E72B7A /* LoginView.swift */,
			);
			path = Login;
			sourceTree = "<group>";
		};
		C995D1442DA56A3E00E72B7A /* Splash */ = {
			isa = PBXGroup;
			children = (
				C995D1452DA56A4C00E72B7A /* SplashView.swift */,
			);
			path = Splash;
			sourceTree = "<group>";
		};
		C9AB41832DA5901A00752614 /* Register */ = {
			isa = PBXGroup;
			children = (
				C9AB41842DA5904600752614 /* RegisterView.swift */,
			);
			path = Register;
			sourceTree = "<group>";
		};
		C9AB41862DA5955C00752614 /* Consumer */ = {
			isa = PBXGroup;
			children = (
				C9AB41882DA5957200752614 /* ConsumerRegisterView.swift */,
			);
			path = Consumer;
			sourceTree = "<group>";
		};
		C9AB41872DA5956300752614 /* Restaurant */ = {
			isa = PBXGroup;
			children = (
				C9AB418A2DA5957D00752614 /* RestaurantRegisterView.swift */,
			);
			path = Restaurant;
			sourceTree = "<group>";
		};
		C9B777772DA5F73E00E7CA95 /* Tools */ = {
			isa = PBXGroup;
			children = (
				C9B777782DA5F78B00E7CA95 /* IconTextFieldView.swift */,
				C93DBE2B2DA6BC3B00365931 /* CustomButtonView.swift */,
				C93DBE2D2DA6BDF000365931 /* IconSecureFieldView.swift */,
			);
			path = Tools;
			sourceTree = "<group>";
		};
/* End PBXGroup section */

/* Begin PBXNativeTarget section */
		C995D0F82DA5653600E72B7A /* PickedApp */ = {
			isa = PBXNativeTarget;
			buildConfigurationList = C995D11A2DA5653700E72B7A /* Build configuration list for PBXNativeTarget "PickedApp" */;
			buildPhases = (
				C995D0F52DA5653600E72B7A /* Sources */,
				C995D0F62DA5653600E72B7A /* Frameworks */,
				C995D0F72DA5653600E72B7A /* Resources */,
			);
			buildRules = (
			);
			dependencies = (
			);
			name = PickedApp;
			packageProductDependencies = (
			);
			productName = PickedApp;
			productReference = C995D0F92DA5653600E72B7A /* PickedApp.app */;
			productType = "com.apple.product-type.application";
		};
		C995D1052DA5653700E72B7A /* PickedAppTests */ = {
			isa = PBXNativeTarget;
			buildConfigurationList = C995D11D2DA5653700E72B7A /* Build configuration list for PBXNativeTarget "PickedAppTests" */;
			buildPhases = (
				C995D1022DA5653700E72B7A /* Sources */,
				C995D1032DA5653700E72B7A /* Frameworks */,
				C995D1042DA5653700E72B7A /* Resources */,
			);
			buildRules = (
			);
			dependencies = (
				C995D1082DA5653700E72B7A /* PBXTargetDependency */,
			);
			fileSystemSynchronizedGroups = (
				C995D1092DA5653700E72B7A /* PickedAppTests */,
			);
			name = PickedAppTests;
			packageProductDependencies = (
			);
			productName = PickedAppTests;
			productReference = C995D1062DA5653700E72B7A /* PickedAppTests.xctest */;
			productType = "com.apple.product-type.bundle.unit-test";
		};
		C995D10F2DA5653700E72B7A /* PickedAppUITests */ = {
			isa = PBXNativeTarget;
			buildConfigurationList = C995D1202DA5653700E72B7A /* Build configuration list for PBXNativeTarget "PickedAppUITests" */;
			buildPhases = (
				C995D10C2DA5653700E72B7A /* Sources */,
				C995D10D2DA5653700E72B7A /* Frameworks */,
				C995D10E2DA5653700E72B7A /* Resources */,
			);
			buildRules = (
			);
			dependencies = (
				C995D1122DA5653700E72B7A /* PBXTargetDependency */,
			);
			name = PickedAppUITests;
			packageProductDependencies = (
			);
			productName = PickedAppUITests;
			productReference = C995D1102DA5653700E72B7A /* PickedAppUITests.xctest */;
			productType = "com.apple.product-type.bundle.ui-testing";
		};
/* End PBXNativeTarget section */

/* Begin PBXProject section */
		C995D0F12DA5653600E72B7A /* Project object */ = {
			isa = PBXProject;
			attributes = {
				BuildIndependentTargetsInParallel = 1;
				LastSwiftUpdateCheck = 1630;
				LastUpgradeCheck = 1630;
				TargetAttributes = {
					C995D0F82DA5653600E72B7A = {
						CreatedOnToolsVersion = 16.3;
					};
					C995D1052DA5653700E72B7A = {
						CreatedOnToolsVersion = 16.3;
						TestTargetID = C995D0F82DA5653600E72B7A;
					};
					C995D10F2DA5653700E72B7A = {
						CreatedOnToolsVersion = 16.3;
						TestTargetID = C995D0F82DA5653600E72B7A;
					};
				};
			};
			buildConfigurationList = C995D0F42DA5653600E72B7A /* Build configuration list for PBXProject "PickedApp" */;
			developmentRegion = en;
			hasScannedForEncodings = 0;
			knownRegions = (
				en,
				Base,
			);
			mainGroup = C995D0F02DA5653600E72B7A;
			minimizedProjectReferenceProxies = 1;
			preferredProjectObjectVersion = 77;
			productRefGroup = C995D0FA2DA5653600E72B7A /* Products */;
			projectDirPath = "";
			projectRoot = "";
			targets = (
				C995D0F82DA5653600E72B7A /* PickedApp */,
				C995D1052DA5653700E72B7A /* PickedAppTests */,
				C995D10F2DA5653700E72B7A /* PickedAppUITests */,
			);
		};
/* End PBXProject section */

/* Begin PBXResourcesBuildPhase section */
		C995D0F72DA5653600E72B7A /* Resources */ = {
			isa = PBXResourcesBuildPhase;
			buildActionMask = 2147483647;
			files = (
				C995D1292DA5655700E72B7A /* Assets.xcassets in Resources */,
			);
			runOnlyForDeploymentPostprocessing = 0;
		};
		C995D1042DA5653700E72B7A /* Resources */ = {
			isa = PBXResourcesBuildPhase;
			buildActionMask = 2147483647;
			files = (
			);
			runOnlyForDeploymentPostprocessing = 0;
		};
		C995D10E2DA5653700E72B7A /* Resources */ = {
			isa = PBXResourcesBuildPhase;
			buildActionMask = 2147483647;
			files = (
			);
			runOnlyForDeploymentPostprocessing = 0;
		};
/* End PBXResourcesBuildPhase section */

/* Begin PBXSourcesBuildPhase section */
		C995D0F52DA5653600E72B7A /* Sources */ = {
			isa = PBXSourcesBuildPhase;
			buildActionMask = 2147483647;
			files = (
				C9AB418B2DA5957D00752614 /* RestaurantRegisterView.swift in Sources */,
				C995D1432DA56A3700E72B7A /* LoginView.swift in Sources */,
				C995D1462DA56A4C00E72B7A /* SplashView.swift in Sources */,
				C93DBE2E2DA6BDF000365931 /* IconSecureFieldView.swift in Sources */,
				C9AB41852DA5904600752614 /* RegisterView.swift in Sources */,
				C93DBE2C2DA6BC3B00365931 /* CustomButtonView.swift in Sources */,
				C9B777792DA5F78B00E7CA95 /* IconTextFieldView.swift in Sources */,
				C9AB41892DA5957200752614 /* ConsumerRegisterView.swift in Sources */,
				C995D1282DA5655700E72B7A /* PickedAppApp.swift in Sources */,
				C9AB415D2DA57E7800752614 /* Color-Theme.swift in Sources */,
			);
			runOnlyForDeploymentPostprocessing = 0;
		};
		C995D1022DA5653700E72B7A /* Sources */ = {
			isa = PBXSourcesBuildPhase;
			buildActionMask = 2147483647;
			files = (
			);
			runOnlyForDeploymentPostprocessing = 0;
		};
		C995D10C2DA5653700E72B7A /* Sources */ = {
			isa = PBXSourcesBuildPhase;
			buildActionMask = 2147483647;
			files = (
			);
			runOnlyForDeploymentPostprocessing = 0;
		};
/* End PBXSourcesBuildPhase section */

/* Begin PBXTargetDependency section */
		C995D1082DA5653700E72B7A /* PBXTargetDependency */ = {
			isa = PBXTargetDependency;
			target = C995D0F82DA5653600E72B7A /* PickedApp */;
			targetProxy = C995D1072DA5653700E72B7A /* PBXContainerItemProxy */;
		};
		C995D1122DA5653700E72B7A /* PBXTargetDependency */ = {
			isa = PBXTargetDependency;
			target = C995D0F82DA5653600E72B7A /* PickedApp */;
			targetProxy = C995D1112DA5653700E72B7A /* PBXContainerItemProxy */;
		};
/* End PBXTargetDependency section */

/* Begin XCBuildConfiguration section */
		C995D1182DA5653700E72B7A /* Debug */ = {
			isa = XCBuildConfiguration;
			buildSettings = {
				ALWAYS_SEARCH_USER_PATHS = NO;
				ASSETCATALOG_COMPILER_GENERATE_SWIFT_ASSET_SYMBOL_EXTENSIONS = YES;
				CLANG_ANALYZER_NONNULL = YES;
				CLANG_ANALYZER_NUMBER_OBJECT_CONVERSION = YES_AGGRESSIVE;
				CLANG_CXX_LANGUAGE_STANDARD = "gnu++20";
				CLANG_ENABLE_MODULES = YES;
				CLANG_ENABLE_OBJC_ARC = YES;
				CLANG_ENABLE_OBJC_WEAK = YES;
				CLANG_WARN_BLOCK_CAPTURE_AUTORELEASING = YES;
				CLANG_WARN_BOOL_CONVERSION = YES;
				CLANG_WARN_COMMA = YES;
				CLANG_WARN_CONSTANT_CONVERSION = YES;
				CLANG_WARN_DEPRECATED_OBJC_IMPLEMENTATIONS = YES;
				CLANG_WARN_DIRECT_OBJC_ISA_USAGE = YES_ERROR;
				CLANG_WARN_DOCUMENTATION_COMMENTS = YES;
				CLANG_WARN_EMPTY_BODY = YES;
				CLANG_WARN_ENUM_CONVERSION = YES;
				CLANG_WARN_INFINITE_RECURSION = YES;
				CLANG_WARN_INT_CONVERSION = YES;
				CLANG_WARN_NON_LITERAL_NULL_CONVERSION = YES;
				CLANG_WARN_OBJC_IMPLICIT_RETAIN_SELF = YES;
				CLANG_WARN_OBJC_LITERAL_CONVERSION = YES;
				CLANG_WARN_OBJC_ROOT_CLASS = YES_ERROR;
				CLANG_WARN_QUOTED_INCLUDE_IN_FRAMEWORK_HEADER = YES;
				CLANG_WARN_RANGE_LOOP_ANALYSIS = YES;
				CLANG_WARN_STRICT_PROTOTYPES = YES;
				CLANG_WARN_SUSPICIOUS_MOVE = YES;
				CLANG_WARN_UNGUARDED_AVAILABILITY = YES_AGGRESSIVE;
				CLANG_WARN_UNREACHABLE_CODE = YES;
				CLANG_WARN__DUPLICATE_METHOD_MATCH = YES;
				COPY_PHASE_STRIP = NO;
				DEBUG_INFORMATION_FORMAT = dwarf;
				DEVELOPMENT_TEAM = F7BUD43D47;
				ENABLE_STRICT_OBJC_MSGSEND = YES;
				ENABLE_TESTABILITY = YES;
				ENABLE_USER_SCRIPT_SANDBOXING = YES;
				GCC_C_LANGUAGE_STANDARD = gnu17;
				GCC_DYNAMIC_NO_PIC = NO;
				GCC_NO_COMMON_BLOCKS = YES;
				GCC_OPTIMIZATION_LEVEL = 0;
				GCC_PREPROCESSOR_DEFINITIONS = (
					"DEBUG=1",
					"$(inherited)",
				);
				GCC_WARN_64_TO_32_BIT_CONVERSION = YES;
				GCC_WARN_ABOUT_RETURN_TYPE = YES_ERROR;
				GCC_WARN_UNDECLARED_SELECTOR = YES;
				GCC_WARN_UNINITIALIZED_AUTOS = YES_AGGRESSIVE;
				GCC_WARN_UNUSED_FUNCTION = YES;
				GCC_WARN_UNUSED_VARIABLE = YES;
				IPHONEOS_DEPLOYMENT_TARGET = 18.4;
				LOCALIZATION_PREFERS_STRING_CATALOGS = YES;
				MTL_ENABLE_DEBUG_INFO = INCLUDE_SOURCE;
				MTL_FAST_MATH = YES;
				ONLY_ACTIVE_ARCH = YES;
				SDKROOT = iphoneos;
				SWIFT_ACTIVE_COMPILATION_CONDITIONS = "DEBUG $(inherited)";
				SWIFT_OPTIMIZATION_LEVEL = "-Onone";
			};
			name = Debug;
		};
		C995D1192DA5653700E72B7A /* Release */ = {
			isa = XCBuildConfiguration;
			buildSettings = {
				ALWAYS_SEARCH_USER_PATHS = NO;
				ASSETCATALOG_COMPILER_GENERATE_SWIFT_ASSET_SYMBOL_EXTENSIONS = YES;
				CLANG_ANALYZER_NONNULL = YES;
				CLANG_ANALYZER_NUMBER_OBJECT_CONVERSION = YES_AGGRESSIVE;
				CLANG_CXX_LANGUAGE_STANDARD = "gnu++20";
				CLANG_ENABLE_MODULES = YES;
				CLANG_ENABLE_OBJC_ARC = YES;
				CLANG_ENABLE_OBJC_WEAK = YES;
				CLANG_WARN_BLOCK_CAPTURE_AUTORELEASING = YES;
				CLANG_WARN_BOOL_CONVERSION = YES;
				CLANG_WARN_COMMA = YES;
				CLANG_WARN_CONSTANT_CONVERSION = YES;
				CLANG_WARN_DEPRECATED_OBJC_IMPLEMENTATIONS = YES;
				CLANG_WARN_DIRECT_OBJC_ISA_USAGE = YES_ERROR;
				CLANG_WARN_DOCUMENTATION_COMMENTS = YES;
				CLANG_WARN_EMPTY_BODY = YES;
				CLANG_WARN_ENUM_CONVERSION = YES;
				CLANG_WARN_INFINITE_RECURSION = YES;
				CLANG_WARN_INT_CONVERSION = YES;
				CLANG_WARN_NON_LITERAL_NULL_CONVERSION = YES;
				CLANG_WARN_OBJC_IMPLICIT_RETAIN_SELF = YES;
				CLANG_WARN_OBJC_LITERAL_CONVERSION = YES;
				CLANG_WARN_OBJC_ROOT_CLASS = YES_ERROR;
				CLANG_WARN_QUOTED_INCLUDE_IN_FRAMEWORK_HEADER = YES;
				CLANG_WARN_RANGE_LOOP_ANALYSIS = YES;
				CLANG_WARN_STRICT_PROTOTYPES = YES;
				CLANG_WARN_SUSPICIOUS_MOVE = YES;
				CLANG_WARN_UNGUARDED_AVAILABILITY = YES_AGGRESSIVE;
				CLANG_WARN_UNREACHABLE_CODE = YES;
				CLANG_WARN__DUPLICATE_METHOD_MATCH = YES;
				COPY_PHASE_STRIP = NO;
				DEBUG_INFORMATION_FORMAT = "dwarf-with-dsym";
				DEVELOPMENT_TEAM = F7BUD43D47;
				ENABLE_NS_ASSERTIONS = NO;
				ENABLE_STRICT_OBJC_MSGSEND = YES;
				ENABLE_USER_SCRIPT_SANDBOXING = YES;
				GCC_C_LANGUAGE_STANDARD = gnu17;
				GCC_NO_COMMON_BLOCKS = YES;
				GCC_WARN_64_TO_32_BIT_CONVERSION = YES;
				GCC_WARN_ABOUT_RETURN_TYPE = YES_ERROR;
				GCC_WARN_UNDECLARED_SELECTOR = YES;
				GCC_WARN_UNINITIALIZED_AUTOS = YES_AGGRESSIVE;
				GCC_WARN_UNUSED_FUNCTION = YES;
				GCC_WARN_UNUSED_VARIABLE = YES;
				IPHONEOS_DEPLOYMENT_TARGET = 18.4;
				LOCALIZATION_PREFERS_STRING_CATALOGS = YES;
				MTL_ENABLE_DEBUG_INFO = NO;
				MTL_FAST_MATH = YES;
				SDKROOT = iphoneos;
				SWIFT_COMPILATION_MODE = wholemodule;
				VALIDATE_PRODUCT = YES;
			};
			name = Release;
		};
		C995D11B2DA5653700E72B7A /* Debug */ = {
			isa = XCBuildConfiguration;
			buildSettings = {
				ASSETCATALOG_COMPILER_APPICON_NAME = AppIcon;
				ASSETCATALOG_COMPILER_GLOBAL_ACCENT_COLOR_NAME = AccentColor;
				CODE_SIGN_STYLE = Automatic;
				CURRENT_PROJECT_VERSION = 1;
				DEVELOPMENT_TEAM = F7BUD43D47;
				ENABLE_PREVIEWS = YES;
				GENERATE_INFOPLIST_FILE = YES;
				INFOPLIST_KEY_UIApplicationSceneManifest_Generation = YES;
				INFOPLIST_KEY_UIApplicationSupportsIndirectInputEvents = YES;
				INFOPLIST_KEY_UILaunchScreen_Generation = YES;
				INFOPLIST_KEY_UISupportedInterfaceOrientations_iPad = "UIInterfaceOrientationPortrait UIInterfaceOrientationPortraitUpsideDown UIInterfaceOrientationLandscapeLeft UIInterfaceOrientationLandscapeRight";
				INFOPLIST_KEY_UISupportedInterfaceOrientations_iPhone = "UIInterfaceOrientationPortrait UIInterfaceOrientationLandscapeLeft UIInterfaceOrientationLandscapeRight";
				LD_RUNPATH_SEARCH_PATHS = (
					"$(inherited)",
					"@executable_path/Frameworks",
				);
				MARKETING_VERSION = 1.0;
				PRODUCT_BUNDLE_IDENTIFIER = com.kevinhe.PickedApp;
				PRODUCT_NAME = "$(TARGET_NAME)";
				SWIFT_EMIT_LOC_STRINGS = YES;
				SWIFT_VERSION = 5.0;
				TARGETED_DEVICE_FAMILY = "1,2";
			};
			name = Debug;
		};
		C995D11C2DA5653700E72B7A /* Release */ = {
			isa = XCBuildConfiguration;
			buildSettings = {
				ASSETCATALOG_COMPILER_APPICON_NAME = AppIcon;
				ASSETCATALOG_COMPILER_GLOBAL_ACCENT_COLOR_NAME = AccentColor;
				CODE_SIGN_STYLE = Automatic;
				CURRENT_PROJECT_VERSION = 1;
				DEVELOPMENT_TEAM = F7BUD43D47;
				ENABLE_PREVIEWS = YES;
				GENERATE_INFOPLIST_FILE = YES;
				INFOPLIST_KEY_UIApplicationSceneManifest_Generation = YES;
				INFOPLIST_KEY_UIApplicationSupportsIndirectInputEvents = YES;
				INFOPLIST_KEY_UILaunchScreen_Generation = YES;
				INFOPLIST_KEY_UISupportedInterfaceOrientations_iPad = "UIInterfaceOrientationPortrait UIInterfaceOrientationPortraitUpsideDown UIInterfaceOrientationLandscapeLeft UIInterfaceOrientationLandscapeRight";
				INFOPLIST_KEY_UISupportedInterfaceOrientations_iPhone = "UIInterfaceOrientationPortrait UIInterfaceOrientationLandscapeLeft UIInterfaceOrientationLandscapeRight";
				LD_RUNPATH_SEARCH_PATHS = (
					"$(inherited)",
					"@executable_path/Frameworks",
				);
				MARKETING_VERSION = 1.0;
				PRODUCT_BUNDLE_IDENTIFIER = com.kevinhe.PickedApp;
				PRODUCT_NAME = "$(TARGET_NAME)";
				SWIFT_EMIT_LOC_STRINGS = YES;
				SWIFT_VERSION = 5.0;
				TARGETED_DEVICE_FAMILY = "1,2";
			};
			name = Release;
		};
		C995D11E2DA5653700E72B7A /* Debug */ = {
			isa = XCBuildConfiguration;
			buildSettings = {
				BUNDLE_LOADER = "$(TEST_HOST)";
				CODE_SIGN_STYLE = Automatic;
				CURRENT_PROJECT_VERSION = 1;
				DEVELOPMENT_TEAM = F7BUD43D47;
				GENERATE_INFOPLIST_FILE = YES;
				IPHONEOS_DEPLOYMENT_TARGET = 18.4;
				MARKETING_VERSION = 1.0;
				PRODUCT_BUNDLE_IDENTIFIER = com.kevinhe.PickedAppTests;
				PRODUCT_NAME = "$(TARGET_NAME)";
				SWIFT_EMIT_LOC_STRINGS = NO;
				SWIFT_VERSION = 5.0;
				TARGETED_DEVICE_FAMILY = "1,2";
				TEST_HOST = "$(BUILT_PRODUCTS_DIR)/PickedApp.app/$(BUNDLE_EXECUTABLE_FOLDER_PATH)/PickedApp";
			};
			name = Debug;
		};
		C995D11F2DA5653700E72B7A /* Release */ = {
			isa = XCBuildConfiguration;
			buildSettings = {
				BUNDLE_LOADER = "$(TEST_HOST)";
				CODE_SIGN_STYLE = Automatic;
				CURRENT_PROJECT_VERSION = 1;
				DEVELOPMENT_TEAM = F7BUD43D47;
				GENERATE_INFOPLIST_FILE = YES;
				IPHONEOS_DEPLOYMENT_TARGET = 18.4;
				MARKETING_VERSION = 1.0;
				PRODUCT_BUNDLE_IDENTIFIER = com.kevinhe.PickedAppTests;
				PRODUCT_NAME = "$(TARGET_NAME)";
				SWIFT_EMIT_LOC_STRINGS = NO;
				SWIFT_VERSION = 5.0;
				TARGETED_DEVICE_FAMILY = "1,2";
				TEST_HOST = "$(BUILT_PRODUCTS_DIR)/PickedApp.app/$(BUNDLE_EXECUTABLE_FOLDER_PATH)/PickedApp";
			};
			name = Release;
		};
		C995D1212DA5653700E72B7A /* Debug */ = {
			isa = XCBuildConfiguration;
			buildSettings = {
				CODE_SIGN_STYLE = Automatic;
				CURRENT_PROJECT_VERSION = 1;
				DEVELOPMENT_TEAM = F7BUD43D47;
				GENERATE_INFOPLIST_FILE = YES;
				MARKETING_VERSION = 1.0;
				PRODUCT_BUNDLE_IDENTIFIER = com.kevinhe.PickedAppUITests;
				PRODUCT_NAME = "$(TARGET_NAME)";
				SWIFT_EMIT_LOC_STRINGS = NO;
				SWIFT_VERSION = 5.0;
				TARGETED_DEVICE_FAMILY = "1,2";
				TEST_TARGET_NAME = PickedApp;
			};
			name = Debug;
		};
		C995D1222DA5653700E72B7A /* Release */ = {
			isa = XCBuildConfiguration;
			buildSettings = {
				CODE_SIGN_STYLE = Automatic;
				CURRENT_PROJECT_VERSION = 1;
				DEVELOPMENT_TEAM = F7BUD43D47;
				GENERATE_INFOPLIST_FILE = YES;
				MARKETING_VERSION = 1.0;
				PRODUCT_BUNDLE_IDENTIFIER = com.kevinhe.PickedAppUITests;
				PRODUCT_NAME = "$(TARGET_NAME)";
				SWIFT_EMIT_LOC_STRINGS = NO;
				SWIFT_VERSION = 5.0;
				TARGETED_DEVICE_FAMILY = "1,2";
				TEST_TARGET_NAME = PickedApp;
			};
			name = Release;
		};
/* End XCBuildConfiguration section */

/* Begin XCConfigurationList section */
		C995D0F42DA5653600E72B7A /* Build configuration list for PBXProject "PickedApp" */ = {
			isa = XCConfigurationList;
			buildConfigurations = (
				C995D1182DA5653700E72B7A /* Debug */,
				C995D1192DA5653700E72B7A /* Release */,
			);
			defaultConfigurationIsVisible = 0;
			defaultConfigurationName = Release;
		};
		C995D11A2DA5653700E72B7A /* Build configuration list for PBXNativeTarget "PickedApp" */ = {
			isa = XCConfigurationList;
			buildConfigurations = (
				C995D11B2DA5653700E72B7A /* Debug */,
				C995D11C2DA5653700E72B7A /* Release */,
			);
			defaultConfigurationIsVisible = 0;
			defaultConfigurationName = Release;
		};
		C995D11D2DA5653700E72B7A /* Build configuration list for PBXNativeTarget "PickedAppTests" */ = {
			isa = XCConfigurationList;
			buildConfigurations = (
				C995D11E2DA5653700E72B7A /* Debug */,
				C995D11F2DA5653700E72B7A /* Release */,
			);
			defaultConfigurationIsVisible = 0;
			defaultConfigurationName = Release;
		};
		C995D1202DA5653700E72B7A /* Build configuration list for PBXNativeTarget "PickedAppUITests" */ = {
			isa = XCConfigurationList;
			buildConfigurations = (
				C995D1212DA5653700E72B7A /* Debug */,
				C995D1222DA5653700E72B7A /* Release */,
			);
			defaultConfigurationIsVisible = 0;
			defaultConfigurationName = Release;
		};
/* End XCConfigurationList section */
	};
	rootObject = C995D0F12DA5653600E72B7A /* Project object */;
}
